github.com/davecgh/go-spew v1.1.1 h1:vj9j/general515PkbuPhfeRTmRc+GQdKhtpc9kbiR65zs=
github.com/davecgh/go-spew v1.1.1/go.mod h1:J7Y8YJui8tDTzPPV+sCWxBv6mM5FNbAGER2UFBH/YCLQ=
github.com/fatih/color v1.16.0 h1:zmkK9Ngbjj/K+x3e4b1LIOgL4/dyhgn7K7lXHuvd5q==
github.com/fatih/color v1.16.0/go.mod h1:fL2Sau1YI5c0pdwXRinqZkstuu4R1M/E2JHVBcZIVVA==
github.com/mattn/go-colorable v0.1.13 h1:8SDreY/7Xv2HujGXZXtKTQPa/9bC4M/sDmEbmqmVVqw=
github.com/mattn/go-colorable v0.1.13/go.mod h1:7S9/ev0klgBDR4GtXTXX8a3vIGJpMovkB8vQcUbaXHg=
github.com/mattn/go-isatty v0.0.20 h1:xfD0iDuEKnDkl03q4limB+vH+GxLEtL3/0RunRREBkk=
github.com/mattn/go-isatty v0.0.20/go.mod h1:W+V8PltTTMOvKvAeJH7IuucS94S2C6jfK/D7dTCTo3Y=
github.com/pmezard/go-difflib v1.0.0 h1:4DBwDE0NGyQoBHbLQYPwSUPoCMWR1BILDe1hp2G5/0s=
github.com/pmezard/go-difflib v1.0.0/go.mod h1:iKH77CoAi3zFmuAgrrV0UXoxq0Ya6wnuO/y+gEBqZDk=
github.com/stretchr/objx v0.5.0 h1:NGpzkHxx0YJ/SkyNXCFSBYTQ/jOVMhpP90bvQXSqxdA=
github.com/stretchr/objx v0.5.0/go.mod h1:pE8CFo8mPIcaMKpOGLF5HNz9y5JQjPSAlaqFHlp4LKs=
github.com/stretchr/testify v1.8.4 h1:CcVxWJfc4CcCfDhCsGAUwIBqAMQaXMoOW5OtP/9+mcQ=
github.com/stretchr/testify v1.8.4/go.mod h1:sz/lmYIOXD/1dqDmKjjqLyZ2RngseejIcXlSw2iwfAo=
golang.org/x/sys v0.14.0 h1:Vz7Qs629MkJkGyHxUlRHizWJRG2j8fbQKjELVSNhy7Q=
golang.org/x/sys v0.14.0/go.mod h1:/VUhepiaJMbbeZIIzcGqYyhAIqz1Nii+onoz0sKO0SQ=
gopkg.in/check.v1 v0.0.0-20161208181325-20d25e280405/go.mod h1:Co6c4r4School2Nj8e/7jyRnOishvdfioW385ranWBq+A=
gopkg.in/yaml.v3 v3.0.1 h1:fxVm/GzAzEWqLHuvctI91KS9hhNmmWOoWu0XTYJE68+Q=
gopkg.in/yaml.v3 v3.0.1/go.mod h1:K4uyk7z7BCEPqu6E+C64Yfv1cQ7kz7rIZviUmN+EgEM=